
Microsoft Visual Studio Solution File, Format Version 12.00
# Visual Studio Version 17
VisualStudioVersion = 17.0.31903.59
MinimumVisualStudioVersion = 10.0.40219.1
Project("{9A19103F-16F7-4668-BE54-9A1E7A4F7556}") = "Magenta.Tools.App", "Magenta.Tools.App\Magenta.Tools.App.csproj", "{B9066D40-7F4F-4AA6-B3E7-96783488374D}"
EndProject
Project("{9A19103F-16F7-4668-BE54-9A1E7A4F7556}") = "Magenta.Tools.Text.Distinct", "Magenta.Tools.Text.Distinct\Magenta.Tools.Text.Distinct.csproj", "{751362F2-61D2-4DAD-9F80-E2D305129E8D}"
EndProject
Project("{9A19103F-16F7-4668-BE54-9A1E7A4F7556}") = "Magenta.Tools.Text", "Magenta.Tools.Text\Magenta.Tools.Text.csproj", "{E119732D-A286-4DFC-89C6-CAC3C34E72EC}"
EndProject
Project("{2150E333-8FDC-42A3-9474-1A3956D46DE8}") = "Text", "Text", "{1E2BCB69-2A09-4642-99FC-7BB50A56EBAB}"
EndProject
Project("{9A19103F-16F7-4668-BE54-9A1E7A4F7556}") = "Magenta.Tools.Text.Distinct.Tests", "Magenta.Tools.Text.Distinct.Tests\Magenta.Tools.Text.Distinct.Tests.csproj", "{CD94E522-E6C1-4DCE-A0E5-A2161D0215EA}"
EndProject
Global
	GlobalSection(SolutionConfigurationPlatforms) = preSolution
		Debug|Any CPU = Debug|Any CPU
		Release|Any CPU = Release|Any CPU
	EndGlobalSection
	GlobalSection(ProjectConfigurationPlatforms) = postSolution
		{B9066D40-7F4F-4AA6-B3E7-96783488374D}.Debug|Any CPU.ActiveCfg = Debug|Any CPU
		{B9066D40-7F4F-4AA6-B3E7-96783488374D}.Debug|Any CPU.Build.0 = Debug|Any CPU
		{B9066D40-7F4F-4AA6-B3E7-96783488374D}.Release|Any CPU.ActiveCfg = Release|Any CPU
		{B9066D40-7F4F-4AA6-B3E7-96783488374D}.Release|Any CPU.Build.0 = Release|Any CPU
		{751362F2-61D2-4DAD-9F80-E2D305129E8D}.Debug|Any CPU.ActiveCfg = Debug|Any CPU
		{751362F2-61D2-4DAD-9F80-E2D305129E8D}.Debug|Any CPU.Build.0 = Debug|Any CPU
		{751362F2-61D2-4DAD-9F80-E2D305129E8D}.Release|Any CPU.ActiveCfg = Release|Any CPU
		{751362F2-61D2-4DAD-9F80-E2D305129E8D}.Release|Any CPU.Build.0 = Release|Any CPU
		{E119732D-A286-4DFC-89C6-CAC3C34E72EC}.Debug|Any CPU.ActiveCfg = Debug|Any CPU
		{E119732D-A286-4DFC-89C6-CAC3C34E72EC}.Debug|Any CPU.Build.0 = Debug|Any CPU
		{E119732D-A286-4DFC-89C6-CAC3C34E72EC}.Release|Any CPU.ActiveCfg = Release|Any CPU
		{E119732D-A286-4DFC-89C6-CAC3C34E72EC}.Release|Any CPU.Build.0 = Release|Any CPU
		{CD94E522-E6C1-4DCE-A0E5-A2161D0215EA}.Debug|Any CPU.ActiveCfg = Debug|Any CPU
		{CD94E522-E6C1-4DCE-A0E5-A2161D0215EA}.Debug|Any CPU.Build.0 = Debug|Any CPU
		{CD94E522-E6C1-4DCE-A0E5-A2161D0215EA}.Release|Any CPU.ActiveCfg = Release|Any CPU
		{CD94E522-E6C1-4DCE-A0E5-A2161D0215EA}.Release|Any CPU.Build.0 = Release|Any CPU
	EndGlobalSection
	GlobalSection(SolutionProperties) = preSolution
		HideSolutionNode = FALSE
	EndGlobalSection
	GlobalSection(NestedProjects) = preSolution
		{751362F2-61D2-4DAD-9F80-E2D305129E8D} = {1E2BCB69-2A09-4642-99FC-7BB50A56EBAB}
		{E119732D-A286-4DFC-89C6-CAC3C34E72EC} = {1E2BCB69-2A09-4642-99FC-7BB50A56EBAB}
		{CD94E522-E6C1-4DCE-A0E5-A2161D0215EA} = {1E2BCB69-2A09-4642-99FC-7BB50A56EBAB}
	EndGlobalSection
EndGlobal
